
Microsoft Visual Studio Solution File, Format Version 12.00
# Visual Studio Version 17
VisualStudioVersion = 17.13.35931.197 d17.13
MinimumVisualStudioVersion = 10.0.40219.1
Project("{FAE04EC0-301F-11D3-BF4B-00C04F79EFBC}") = "PRAC2", "PRAC2\PRAC2.csproj", "{1C6927CF-0456-48E2-A5EF-9D4C2552B874}"
EndProject
Global
	GlobalSection(SolutionConfigurationPlatforms) = preSolution
		Debug|Any CPU = Debug|Any CPU
		Release|Any CPU = Release|Any CPU
	EndGlobalSection
	GlobalSection(ProjectConfigurationPlatforms) = postSolution
		{1C6927CF-0456-48E2-A5EF-9D4C2552B874}.Debug|Any CPU.ActiveCfg = Debug|Any CPU
		{1C6927CF-0456-48E2-A5EF-9D4C2552B874}.Debug|Any CPU.Build.0 = Debug|Any CPU
		{1C6927CF-0456-48E2-A5EF-9D4C2552B874}.Release|Any CPU.ActiveCfg = Release|Any CPU
		{1C6927CF-0456-48E2-A5EF-9D4C2552B874}.Release|Any CPU.Build.0 = Release|Any CPU
	EndGlobalSection
	GlobalSection(SolutionProperties) = preSolution
		HideSolutionNode = FALSE
	EndGlobalSection
	GlobalSection(ExtensibilityGlobals) = postSolution
		SolutionGuid = {99F09E6C-3F4F-4EC1-B07F-FF783F89C917}
	EndGlobalSection
EndGlobal
